{
  "version": "4",
  "specifiers": {
    "npm:@types/bun@^1.1.12": "1.1.12",
    "npm:@types/deno@2": "2.0.0",
    "npm:@types/node@^22.7.7": "22.8.6",
    "npm:tree-sitter@0.22": "0.22.0",
    "npm:typescript@^5.6.3": "5.6.3"
  },
  "npm": {
    "@types/bun@1.1.12": {
      "integrity": "sha512-UkewJesRDP3+AW30Gc8hvxuIt+vHgYZXmVOKaXV8xnwAnMXTAs3XZDsa/jW+LSdAYhHslokSm72lq63FYYjZqA==",
      "dependencies": [
        "bun-types"
      ]
    },
    "@types/deno@2.0.0": {
      "integrity": "sha512-O9/jRVlq93kqfkl4sYR5N7+Pz4ukzXVIbMnE/VgvpauNHsvjQ9iBVnJ3X0gAvMa2khcoFD8DSO7mQVCuiuDMPg=="
    },
    "@types/node@20.12.14": {
      "integrity": "sha512-scnD59RpYD91xngrQQLGkE+6UrHUPzeKZWhhjBSa3HSkwjbQc38+q3RoIVEwxQGRw3M+j5hpNAM+lgV3cVormg==",
      "dependencies": [
        "undici-types@5.26.5"
      ]
    },
    "@types/node@22.5.4": {
      "integrity": "sha512-FDuKUJQm/ju9fT/SeX/6+gBzoPzlVCzfzmGkwKvRHQVxi4BntVbyIwf6a4Xn62mrvndLiml6z/UBXIdEVjQLXg==",
      "dependencies": [
        "undici-types@6.19.8"
      ]
    },
    "@types/node@22.8.6": {
      "integrity": "sha512-tosuJYKrIqjQIlVCM4PEGxOmyg3FCPa/fViuJChnGeEIhjA46oy8FMVoF9su1/v8PNs2a8Q0iFNyOx0uOF91nw==",
      "dependencies": [
        "undici-types@6.19.8"
      ]
    },
    "@types/ws@8.5.12": {
      "integrity": "sha512-3tPRkv1EtkDpzlgyKyI8pGsGZAGPEaXeu0DOj5DI25Ja91bdAYddYHbADRYVrZMRbfW+1l5YwXVDKohDJNQxkQ==",
      "dependencies": [
        "@types/node@22.5.4"
      ]
    },
    "bun-types@1.1.32": {
      "integrity": "sha512-Lxgux4InO/WRjSAEy3iyDscsnDXR8+3rgNDeZYjPAizFYjUraoNuMl9PuRd9XMgFZgdyQwaUX7/QHmOw5KGFQw==",
      "dependencies": [
        "@types/node@20.12.14",
        "@types/ws"
      ]
    },
    "node-addon-api@8.2.1": {
      "integrity": "sha512-vmEOvxwiH8tlOcv4SyE8RH34rI5/nWVaigUeAUPawC6f0+HoDthwI0vkMu4tbtsZrXq6QXFfrkhjofzKEs5tpA=="
    },
    "node-gyp-build@4.8.2": {
      "integrity": "sha512-IRUxE4BVsHWXkV/SFOut4qTlagw2aM8T5/vnTsmrHJvVoKueJHRc/JaFND7QDDc61kLYUJ6qlZM3sqTSyx2dTw=="
    },
    "tree-sitter@0.22.0": {
      "integrity": "sha512-tjRAT4tlIXrRw0zgqkA6j9z526icVDas6g/0whwlllu2hF3j6HuMI3WDUfcxTkf1oTbpd+kwJE/0owNJMN73QA==",
      "dependencies": [
        "node-addon-api",
        "node-gyp-build"
      ]
    },
    "typescript@5.6.3": {
      "integrity": "sha512-hjcS1mhfuyi4WW8IWtjP7brDrG2cuDZukyrYrSauoXGNgx0S7zceP07adYkJycEr56BOUTNPzbInooiN3fn1qw=="
    },
    "undici-types@5.26.5": {
      "integrity": "sha512-JlCMO+ehdEIKqlFxk6IfVoAUVmgz7cU7zD/h9XZ0qzeosSHmUJVOzSQvvYSYWXkFXC+IfLKSIffhv0sVZup6pA=="
    },
    "undici-types@6.19.8": {
      "integrity": "sha512-ve2KP6f/JnbPBFyobGHuerC9g1FYGn/F8n1LWTwNxCEzd6IfqTwUQcNXgEtmmQ6DlRrC1hrSrBnCZPokRrDHjw=="
    }
  },
  "workspace": {
    "packageJson": {
      "dependencies": [
        "npm:@types/bun@^1.1.12",
        "npm:@types/deno@2",
        "npm:@types/node@^22.7.7",
        "npm:tree-sitter@0.22",
        "npm:typescript@^5.6.3"
      ]
    }
  }
}
